
Microsoft Visual Studio Solution File, Format Version 12.00
# Visual Studio Version 16
VisualStudioVersion = 16.0.32106.194
MinimumVisualStudioVersion = 10.0.40219.1
Project("{FAE04EC0-301F-11D3-BF4B-00C04F79EFBC}") = "CampHomeworks", "CampHomeworks.csproj", "{8BDDFD54-07A9-4D10-B4AE-BF4F5745E668}"
EndProject
Global
	GlobalSection(SolutionConfigurationPlatforms) = preSolution
		Debug|Any CPU = Debug|Any CPU
		Release|Any CPU = Release|Any CPU
	EndGlobalSection
	GlobalSection(ProjectConfigurationPlatforms) = postSolution
		{8BDDFD54-07A9-4D10-B4AE-BF4F5745E668}.Debug|Any CPU.ActiveCfg = Debug|Any CPU
		{8BDDFD54-07A9-4D10-B4AE-BF4F5745E668}.Debug|Any CPU.Build.0 = Debug|Any CPU
		{8BDDFD54-07A9-4D10-B4AE-BF4F5745E668}.Release|Any CPU.ActiveCfg = Release|Any CPU
		{8BDDFD54-07A9-4D10-B4AE-BF4F5745E668}.Release|Any CPU.Build.0 = Release|Any CPU
	EndGlobalSection
	GlobalSection(SolutionProperties) = preSolution
		HideSolutionNode = FALSE
	EndGlobalSection
	GlobalSection(ExtensibilityGlobals) = postSolution
		SolutionGuid = {CEC6F027-0F9F-40F4-9516-1F6F631CAFD2}
	EndGlobalSection
EndGlobal
